// !$*UTF8*$!
{
	archiveVersion = 1;
	classes = {
	};
	objectVersion = 56;
	objects = {

/* Begin PBXBuildFile section */
		4F2EF151298441580089067A /* AppDelegate.swift in Sources */ = {isa = PBXBuildFile; fileRef = 4F2EF150298441580089067A /* AppDelegate.swift */; };
		4F2EF153298441580089067A /* SceneDelegate.swift in Sources */ = {isa = PBXBuildFile; fileRef = 4F2EF152298441580089067A /* SceneDelegate.swift */; };
		4F2EF155298441580089067A /* RecordSoundsViewController.swift in Sources */ = {isa = PBXBuildFile; fileRef = 4F2EF154298441580089067A /* RecordSoundsViewController.swift */; };
		4F2EF158298441580089067A /* Main.storyboard in Resources */ = {isa = PBXBuildFile; fileRef = 4F2EF156298441580089067A /* Main.storyboard */; };
		4F2EF15A2984415B0089067A /* Assets.xcassets in Resources */ = {isa = PBXBuildFile; fileRef = 4F2EF1592984415B0089067A /* Assets.xcassets */; };
		4F2EF15D2984415B0089067A /* LaunchScreen.storyboard in Resources */ = {isa = PBXBuildFile; fileRef = 4F2EF15B2984415B0089067A /* LaunchScreen.storyboard */; };
		4F2EF1682984415B0089067A /* PitchPerfectRTests.swift in Sources */ = {isa = PBXBuildFile; fileRef = 4F2EF1672984415B0089067A /* PitchPerfectRTests.swift */; };
		4F2EF1722984415B0089067A /* PitchPerfectRUITests.swift in Sources */ = {isa = PBXBuildFile; fileRef = 4F2EF1712984415B0089067A /* PitchPerfectRUITests.swift */; };
		4F2EF1742984415B0089067A /* PitchPerfectRUITestsLaunchTests.swift in Sources */ = {isa = PBXBuildFile; fileRef = 4F2EF1732984415B0089067A /* PitchPerfectRUITestsLaunchTests.swift */; };
		4F661B5E298B0B040002CBF4 /* PlaySoundsViewController+Audio.swift in Sources */ = {isa = PBXBuildFile; fileRef = 4F661B5D298B0B040002CBF4 /* PlaySoundsViewController+Audio.swift */; };
		4FCBD0492987229800CDE6A8 /* PlaySoundsViewController.swift in Sources */ = {isa = PBXBuildFile; fileRef = 4FCBD0482987229800CDE6A8 /* PlaySoundsViewController.swift */; };
/* End PBXBuildFile section */

/* Begin PBXContainerItemProxy section */
		4F2EF1642984415B0089067A /* PBXContainerItemProxy */ = {
			isa = PBXContainerItemProxy;
			containerPortal = 4F2EF145298441570089067A /* Project object */;
			proxyType = 1;
			remoteGlobalIDString = 4F2EF14C298441580089067A;
			remoteInfo = PitchPerfectR;
		};
		4F2EF16E2984415B0089067A /* PBXContainerItemProxy */ = {
			isa = PBXContainerItemProxy;
			containerPortal = 4F2EF145298441570089067A /* Project object */;
			proxyType = 1;
			remoteGlobalIDString = 4F2EF14C298441580089067A;
			remoteInfo = PitchPerfectR;
		};
/* End PBXContainerItemProxy section */

/* Begin PBXFileReference section */
		4F2EF14D298441580089067A /* PitchPerfectR.app */ = {isa = PBXFileReference; explicitFileType = wrapper.application; includeInIndex = 0; path = PitchPerfectR.app; sourceTree = BUILT_PRODUCTS_DIR; };
		4F2EF150298441580089067A /* AppDelegate.swift */ = {isa = PBXFileReference; lastKnownFileType = sourcecode.swift; path = AppDelegate.swift; sourceTree = "<group>"; };
		4F2EF152298441580089067A /* SceneDelegate.swift */ = {isa = PBXFileReference; lastKnownFileType = sourcecode.swift; path = SceneDelegate.swift; sourceTree = "<group>"; };
		4F2EF154298441580089067A /* RecordSoundsViewController.swift */ = {isa = PBXFileReference; lastKnownFileType = sourcecode.swift; path = RecordSoundsViewController.swift; sourceTree = "<group>"; };
		4F2EF157298441580089067A /* Base */ = {isa = PBXFileReference; lastKnownFileType = file.storyboard; name = Base; path = Base.lproj/Main.storyboard; sourceTree = "<group>"; };
		4F2EF1592984415B0089067A /* Assets.xcassets */ = {isa = PBXFileReference; lastKnownFileType = folder.assetcatalog; path = Assets.xcassets; sourceTree = "<group>"; };
		4F2EF15C2984415B0089067A /* Base */ = {isa = PBXFileReference; lastKnownFileType = file.storyboard; name = Base; path = Base.lproj/LaunchScreen.storyboard; sourceTree = "<group>"; };
		4F2EF15E2984415B0089067A /* Info.plist */ = {isa = PBXFileReference; lastKnownFileType = text.plist.xml; path = Info.plist; sourceTree = "<group>"; };
		4F2EF1632984415B0089067A /* PitchPerfectRTests.xctest */ = {isa = PBXFileReference; explicitFileType = wrapper.cfbundle; includeInIndex = 0; path = PitchPerfectRTests.xctest; sourceTree = BUILT_PRODUCTS_DIR; };
		4F2EF1672984415B0089067A /* PitchPerfectRTests.swift */ = {isa = PBXFileReference; lastKnownFileType = sourcecode.swift; path = PitchPerfectRTests.swift; sourceTree = "<group>"; };
		4F2EF16D2984415B0089067A /* PitchPerfectRUITests.xctest */ = {isa = PBXFileReference; explicitFileType = wrapper.cfbundle; includeInIndex = 0; path = PitchPerfectRUITests.xctest; sourceTree = BUILT_PRODUCTS_DIR; };
		4F2EF1712984415B0089067A /* PitchPerfectRUITests.swift */ = {isa = PBXFileReference; lastKnownFileType = sourcecode.swift; path = PitchPerfectRUITests.swift; sourceTree = "<group>"; };
		4F2EF1732984415B0089067A /* PitchPerfectRUITestsLaunchTests.swift */ = {isa = PBXFileReference; lastKnownFileType = sourcecode.swift; path = PitchPerfectRUITestsLaunchTests.swift; sourceTree = "<group>"; };
		4F661B5D298B0B040002CBF4 /* PlaySoundsViewController+Audio.swift */ = {isa = PBXFileReference; lastKnownFileType = sourcecode.swift; path = "PlaySoundsViewController+Audio.swift"; sourceTree = "<group>"; };
		4FCBD0482987229800CDE6A8 /* PlaySoundsViewController.swift */ = {isa = PBXFileReference; lastKnownFileType = sourcecode.swift; path = PlaySoundsViewController.swift; sourceTree = "<group>"; };
/* End PBXFileReference section */

/* Begin PBXFrameworksBuildPhase section */
		4F2EF14A298441580089067A /* Frameworks */ = {
			isa = PBXFrameworksBuildPhase;
			buildActionMask = 2147483647;
			files = (
			);
			runOnlyForDeploymentPostprocessing = 0;
		};
		4F2EF1602984415B0089067A /* Frameworks */ = {
			isa = PBXFrameworksBuildPhase;
			buildActionMask = 2147483647;
			files = (
			);
			runOnlyForDeploymentPostprocessing = 0;
		};
		4F2EF16A2984415B0089067A /* Frameworks */ = {
			isa = PBXFrameworksBuildPhase;
			buildActionMask = 2147483647;
			files = (
			);
			runOnlyForDeploymentPostprocessing = 0;
		};
/* End PBXFrameworksBuildPhase section */

/* Begin PBXGroup section */
		4F2EF144298441570089067A = {
			isa = PBXGroup;
			children = (
				4F2EF14F298441580089067A /* PitchPerfectR */,
				4F2EF1662984415B0089067A /* PitchPerfectRTests */,
				4F2EF1702984415B0089067A /* PitchPerfectRUITests */,
				4F2EF14E298441580089067A /* Products */,
			);
			sourceTree = "<group>";
		};
		4F2EF14E298441580089067A /* Products */ = {
			isa = PBXGroup;
			children = (
				4F2EF14D298441580089067A /* PitchPerfectR.app */,
				4F2EF1632984415B0089067A /* PitchPerfectRTests.xctest */,
				4F2EF16D2984415B0089067A /* PitchPerfectRUITests.xctest */,
			);
			name = Products;
			sourceTree = "<group>";
		};
		4F2EF14F298441580089067A /* PitchPerfectR */ = {
			isa = PBXGroup;
			children = (
				4F2EF150298441580089067A /* AppDelegate.swift */,
				4F2EF152298441580089067A /* SceneDelegate.swift */,
				4F2EF154298441580089067A /* RecordSoundsViewController.swift */,
				4FCBD0482987229800CDE6A8 /* PlaySoundsViewController.swift */,
				4F661B5D298B0B040002CBF4 /* PlaySoundsViewController+Audio.swift */,
				4F2EF156298441580089067A /* Main.storyboard */,
				4F2EF1592984415B0089067A /* Assets.xcassets */,
				4F2EF15B2984415B0089067A /* LaunchScreen.storyboard */,
				4F2EF15E2984415B0089067A /* Info.plist */,
			);
			path = PitchPerfectR;
			sourceTree = "<group>";
		};
		4F2EF1662984415B0089067A /* PitchPerfectRTests */ = {
			isa = PBXGroup;
			children = (
				4F2EF1672984415B0089067A /* PitchPerfectRTests.swift */,
			);
			path = PitchPerfectRTests;
			sourceTree = "<group>";
		};
		4F2EF1702984415B0089067A /* PitchPerfectRUITests */ = {
			isa = PBXGroup;
			children = (
				4F2EF1712984415B0089067A /* PitchPerfectRUITests.swift */,
				4F2EF1732984415B0089067A /* PitchPerfectRUITestsLaunchTests.swift */,
			);
			path = PitchPerfectRUITests;
			sourceTree = "<group>";
		};
/* End PBXGroup section */

/* Begin PBXNativeTarget section */
		4F2EF14C298441580089067A /* PitchPerfectR */ = {
			isa = PBXNativeTarget;
			buildConfigurationList = 4F2EF1772984415B0089067A /* Build configuration list for PBXNativeTarget "PitchPerfectR" */;
			buildPhases = (
				4F2EF149298441580089067A /* Sources */,
				4F2EF14A298441580089067A /* Frameworks */,
				4F2EF14B298441580089067A /* Resources */,
			);
			buildRules = (
			);
			dependencies = (
			);
			name = PitchPerfectR;
			productName = PitchPerfectR;
			productReference = 4F2EF14D298441580089067A /* PitchPerfectR.app */;
			productType = "com.apple.product-type.application";
		};
		4F2EF1622984415B0089067A /* PitchPerfectRTests */ = {
			isa = PBXNativeTarget;
			buildConfigurationList = 4F2EF17A2984415B0089067A /* Build configuration list for PBXNativeTarget "PitchPerfectRTests" */;
			buildPhases = (
				4F2EF15F2984415B0089067A /* Sources */,
				4F2EF1602984415B0089067A /* Frameworks */,
				4F2EF1612984415B0089067A /* Resources */,
			);
			buildRules = (
			);
			dependencies = (
				4F2EF1652984415B0089067A /* PBXTargetDependency */,
			);
			name = PitchPerfectRTests;
			productName = PitchPerfectRTests;
			productReference = 4F2EF1632984415B0089067A /* PitchPerfectRTests.xctest */;
			productType = "com.apple.product-type.bundle.unit-test";
		};
		4F2EF16C2984415B0089067A /* PitchPerfectRUITests */ = {
			isa = PBXNativeTarget;
			buildConfigurationList = 4F2EF17D2984415B0089067A /* Build configuration list for PBXNativeTarget "PitchPerfectRUITests" */;
			buildPhases = (
				4F2EF1692984415B0089067A /* Sources */,
				4F2EF16A2984415B0089067A /* Frameworks */,
				4F2EF16B2984415B0089067A /* Resources */,
			);
			buildRules = (
			);
			dependencies = (
				4F2EF16F2984415B0089067A /* PBXTargetDependency */,
			);
			name = PitchPerfectRUITests;
			productName = PitchPerfectRUITests;
			productReference = 4F2EF16D2984415B0089067A /* PitchPerfectRUITests.xctest */;
			productType = "com.apple.product-type.bundle.ui-testing";
		};
/* End PBXNativeTarget section */

/* Begin PBXProject section */
		4F2EF145298441570089067A /* Project object */ = {
			isa = PBXProject;
			attributes = {
				BuildIndependentTargetsInParallel = 1;
				LastSwiftUpdateCheck = 1420;
				LastUpgradeCheck = 1420;
				TargetAttributes = {
					4F2EF14C298441580089067A = {
						CreatedOnToolsVersion = 14.2;
					};
					4F2EF1622984415B0089067A = {
						CreatedOnToolsVersion = 14.2;
						TestTargetID = 4F2EF14C298441580089067A;
					};
					4F2EF16C2984415B0089067A = {
						CreatedOnToolsVersion = 14.2;
						TestTargetID = 4F2EF14C298441580089067A;
					};
				};
			};
			buildConfigurationList = 4F2EF148298441570089067A /* Build configuration list for PBXProject "PitchPerfectR" */;
			compatibilityVersion = "Xcode 14.0";
			developmentRegion = en;
			hasScannedForEncodings = 0;
			knownRegions = (
				en,
				Base,
			);
			mainGroup = 4F2EF144298441570089067A;
			productRefGroup = 4F2EF14E298441580089067A /* Products */;
			projectDirPath = "";
			projectRoot = "";
			targets = (
				4F2EF14C298441580089067A /* PitchPerfectR */,
				4F2EF1622984415B0089067A /* PitchPerfectRTests */,
				4F2EF16C2984415B0089067A /* PitchPerfectRUITests */,
			);
		};
/* End PBXProject section */

/* Begin PBXResourcesBuildPhase section */
		4F2EF14B298441580089067A /* Resources */ = {
			isa = PBXResourcesBuildPhase;
			buildActionMask = 2147483647;
			files = (
				4F2EF15D2984415B0089067A /* LaunchScreen.storyboard in Resources */,
				4F2EF15A2984415B0089067A /* Assets.xcassets in Resources */,
				4F2EF158298441580089067A /* Main.storyboard in Resources */,
			);
			runOnlyForDeploymentPostprocessing = 0;
		};
		4F2EF1612984415B0089067A /* Resources */ = {
			isa = PBXResourcesBuildPhase;
			buildActionMask = 2147483647;
			files = (
			);
			runOnlyForDeploymentPostprocessing = 0;
		};
		4F2EF16B2984415B0089067A /* Resources */ = {
			isa = PBXResourcesBuildPhase;
			buildActionMask = 2147483647;
			files = (
			);
			runOnlyForDeploymentPostprocessing = 0;
		};
/* End PBXResourcesBuildPhase section */

/* Begin PBXSourcesBuildPhase section */
		4F2EF149298441580089067A /* Sources */ = {
			isa = PBXSourcesBuildPhase;
			buildActionMask = 2147483647;
			files = (
				4F661B5E298B0B040002CBF4 /* PlaySoundsViewController+Audio.swift in Sources */,
				4F2EF155298441580089067A /* RecordSoundsViewController.swift in Sources */,
				4F2EF151298441580089067A /* AppDelegate.swift in Sources */,
				4FCBD0492987229800CDE6A8 /* PlaySoundsViewController.swift in Sources */,
				4F2EF153298441580089067A /* SceneDelegate.swift in Sources */,
			);
			runOnlyForDeploymentPostprocessing = 0;
		};
		4F2EF15F2984415B0089067A /* Sources */ = {
			isa = PBXSourcesBuildPhase;
			buildActionMask = 2147483647;
			files = (
				4F2EF1682984415B0089067A /* PitchPerfectRTests.swift in Sources */,
			);
			runOnlyForDeploymentPostprocessing = 0;
		};
		4F2EF1692984415B0089067A /* Sources */ = {
			isa = PBXSourcesBuildPhase;
			buildActionMask = 2147483647;
			files = (
				4F2EF1742984415B0089067A /* PitchPerfectRUITestsLaunchTests.swift in Sources */,
				4F2EF1722984415B0089067A /* PitchPerfectRUITests.swift in Sources */,
			);
			runOnlyForDeploymentPostprocessing = 0;
		};
/* End PBXSourcesBuildPhase section */

/* Begin PBXTargetDependency section */
		4F2EF1652984415B0089067A /* PBXTargetDependency */ = {
			isa = PBXTargetDependency;
			target = 4F2EF14C298441580089067A /* PitchPerfectR */;
			targetProxy = 4F2EF1642984415B0089067A /* PBXContainerItemProxy */;
		};
		4F2EF16F2984415B0089067A /* PBXTargetDependency */ = {
			isa = PBXTargetDependency;
			target = 4F2EF14C298441580089067A /* PitchPerfectR */;
			targetProxy = 4F2EF16E2984415B0089067A /* PBXContainerItemProxy */;
		};
/* End PBXTargetDependency section */

/* Begin PBXVariantGroup section */
		4F2EF156298441580089067A /* Main.storyboard */ = {
			isa = PBXVariantGroup;
			children = (
				4F2EF157298441580089067A /* Base */,
			);
			name = Main.storyboard;
			sourceTree = "<group>";
		};
		4F2EF15B2984415B0089067A /* LaunchScreen.storyboard */ = {
			isa = PBXVariantGroup;
			children = (
				4F2EF15C2984415B0089067A /* Base */,
			);
			name = LaunchScreen.storyboard;
			sourceTree = "<group>";
		};
/* End PBXVariantGroup section */

/* Begin XCBuildConfiguration section */
		4F2EF1752984415B0089067A /* Debug */ = {
			isa = XCBuildConfiguration;
			buildSettings = {
				ALWAYS_SEARCH_USER_PATHS = NO;
				CLANG_ANALYZER_NONNULL = YES;
				CLANG_ANALYZER_NUMBER_OBJECT_CONVERSION = YES_AGGRESSIVE;
				CLANG_CXX_LANGUAGE_STANDARD = "gnu++20";
				CLANG_ENABLE_MODULES = YES;
				CLANG_ENABLE_OBJC_ARC = YES;
				CLANG_ENABLE_OBJC_WEAK = YES;
				CLANG_WARN_BLOCK_CAPTURE_AUTORELEASING = YES;
				CLANG_WARN_BOOL_CONVERSION = YES;
				CLANG_WARN_COMMA = YES;
				CLANG_WARN_CONSTANT_CONVERSION = YES;
				CLANG_WARN_DEPRECATED_OBJC_IMPLEMENTATIONS = YES;
				CLANG_WARN_DIRECT_OBJC_ISA_USAGE = YES_ERROR;
				CLANG_WARN_DOCUMENTATION_COMMENTS = YES;
				CLANG_WARN_EMPTY_BODY = YES;
				CLANG_WARN_ENUM_CONVERSION = YES;
				CLANG_WARN_INFINITE_RECURSION = YES;
				CLANG_WARN_INT_CONVERSION = YES;
				CLANG_WARN_NON_LITERAL_NULL_CONVERSION = YES;
				CLANG_WARN_OBJC_IMPLICIT_RETAIN_SELF = YES;
				CLANG_WARN_OBJC_LITERAL_CONVERSION = YES;
				CLANG_WARN_OBJC_ROOT_CLASS = YES_ERROR;
				CLANG_WARN_QUOTED_INCLUDE_IN_FRAMEWORK_HEADER = YES;
				CLANG_WARN_RANGE_LOOP_ANALYSIS = YES;
				CLANG_WARN_STRICT_PROTOTYPES = YES;
				CLANG_WARN_SUSPICIOUS_MOVE = YES;
				CLANG_WARN_UNGUARDED_AVAILABILITY = YES_AGGRESSIVE;
				CLANG_WARN_UNREACHABLE_CODE = YES;
				CLANG_WARN__DUPLICATE_METHOD_MATCH = YES;
				COPY_PHASE_STRIP = NO;
				DEBUG_INFORMATION_FORMAT = dwarf;
				ENABLE_STRICT_OBJC_MSGSEND = YES;
				ENABLE_TESTABILITY = YES;
				GCC_C_LANGUAGE_STANDARD = gnu11;
				GCC_DYNAMIC_NO_PIC = NO;
				GCC_NO_COMMON_BLOCKS = YES;
				GCC_OPTIMIZATION_LEVEL = 0;
				GCC_PREPROCESSOR_DEFINITIONS = (
					"DEBUG=1",
					"$(inherited)",
				);
				GCC_WARN_64_TO_32_BIT_CONVERSION = YES;
				GCC_WARN_ABOUT_RETURN_TYPE = YES_ERROR;
				GCC_WARN_UNDECLARED_SELECTOR = YES;
				GCC_WARN_UNINITIALIZED_AUTOS = YES_AGGRESSIVE;
				GCC_WARN_UNUSED_FUNCTION = YES;
				GCC_WARN_UNUSED_VARIABLE = YES;
				IPHONEOS_DEPLOYMENT_TARGET = 16.2;
				MTL_ENABLE_DEBUG_INFO = INCLUDE_SOURCE;
				MTL_FAST_MATH = YES;
				ONLY_ACTIVE_ARCH = YES;
				SDKROOT = iphoneos;
				SWIFT_ACTIVE_COMPILATION_CONDITIONS = DEBUG;
				SWIFT_OPTIMIZATION_LEVEL = "-Onone";
			};
			name = Debug;
		};
		4F2EF1762984415B0089067A /* Release */ = {
			isa = XCBuildConfiguration;
			buildSettings = {
				ALWAYS_SEARCH_USER_PATHS = NO;
				CLANG_ANALYZER_NONNULL = YES;
				CLANG_ANALYZER_NUMBER_OBJECT_CONVERSION = YES_AGGRESSIVE;
				CLANG_CXX_LANGUAGE_STANDARD = "gnu++20";
				CLANG_ENABLE_MODULES = YES;
				CLANG_ENABLE_OBJC_ARC = YES;
				CLANG_ENABLE_OBJC_WEAK = YES;
				CLANG_WARN_BLOCK_CAPTURE_AUTORELEASING = YES;
				CLANG_WARN_BOOL_CONVERSION = YES;
				CLANG_WARN_COMMA = YES;
				CLANG_WARN_CONSTANT_CONVERSION = YES;
				CLANG_WARN_DEPRECATED_OBJC_IMPLEMENTATIONS = YES;
				CLANG_WARN_DIRECT_OBJC_ISA_USAGE = YES_ERROR;
				CLANG_WARN_DOCUMENTATION_COMMENTS = YES;
				CLANG_WARN_EMPTY_BODY = YES;
				CLANG_WARN_ENUM_CONVERSION = YES;
				CLANG_WARN_INFINITE_RECURSION = YES;
				CLANG_WARN_INT_CONVERSION = YES;
				CLANG_WARN_NON_LITERAL_NULL_CONVERSION = YES;
				CLANG_WARN_OBJC_IMPLICIT_RETAIN_SELF = YES;
				CLANG_WARN_OBJC_LITERAL_CONVERSION = YES;
				CLANG_WARN_OBJC_ROOT_CLASS = YES_ERROR;
				CLANG_WARN_QUOTED_INCLUDE_IN_FRAMEWORK_HEADER = YES;
				CLANG_WARN_RANGE_LOOP_ANALYSIS = YES;
				CLANG_WARN_STRICT_PROTOTYPES = YES;
				CLANG_WARN_SUSPICIOUS_MOVE = YES;
				CLANG_WARN_UNGUARDED_AVAILABILITY = YES_AGGRESSIVE;
				CLANG_WARN_UNREACHABLE_CODE = YES;
				CLANG_WARN__DUPLICATE_METHOD_MATCH = YES;
				COPY_PHASE_STRIP = NO;
				DEBUG_INFORMATION_FORMAT = "dwarf-with-dsym";
				ENABLE_NS_ASSERTIONS = NO;
				ENABLE_STRICT_OBJC_MSGSEND = YES;
				GCC_C_LANGUAGE_STANDARD = gnu11;
				GCC_NO_COMMON_BLOCKS = YES;
				GCC_WARN_64_TO_32_BIT_CONVERSION = YES;
				GCC_WARN_ABOUT_RETURN_TYPE = YES_ERROR;
				GCC_WARN_UNDECLARED_SELECTOR = YES;
				GCC_WARN_UNINITIALIZED_AUTOS = YES_AGGRESSIVE;
				GCC_WARN_UNUSED_FUNCTION = YES;
				GCC_WARN_UNUSED_VARIABLE = YES;
				IPHONEOS_DEPLOYMENT_TARGET = 16.2;
				MTL_ENABLE_DEBUG_INFO = NO;
				MTL_FAST_MATH = YES;
				SDKROOT = iphoneos;
				SWIFT_COMPILATION_MODE = wholemodule;
				SWIFT_OPTIMIZATION_LEVEL = "-O";
				VALIDATE_PRODUCT = YES;
			};
			name = Release;
		};
		4F2EF1782984415B0089067A /* Debug */ = {
			isa = XCBuildConfiguration;
			buildSettings = {
				ASSETCATALOG_COMPILER_APPICON_NAME = AppIcon;
				ASSETCATALOG_COMPILER_GLOBAL_ACCENT_COLOR_NAME = AccentColor;
				CODE_SIGN_STYLE = Automatic;
				CURRENT_PROJECT_VERSION = 1;
				GENERATE_INFOPLIST_FILE = YES;
				INFOPLIST_FILE = PitchPerfectR/Info.plist;
				INFOPLIST_KEY_UIApplicationSupportsIndirectInputEvents = YES;
				INFOPLIST_KEY_UILaunchStoryboardName = LaunchScreen;
				INFOPLIST_KEY_UIMainStoryboardFile = Main;
				INFOPLIST_KEY_UISupportedInterfaceOrientations_iPad = "UIInterfaceOrientationPortrait UIInterfaceOrientationPortraitUpsideDown UIInterfaceOrientationLandscapeLeft UIInterfaceOrientationLandscapeRight";
				INFOPLIST_KEY_UISupportedInterfaceOrientations_iPhone = "UIInterfaceOrientationPortrait UIInterfaceOrientationLandscapeLeft UIInterfaceOrientationLandscapeRight";
				LD_RUNPATH_SEARCH_PATHS = (
					"$(inherited)",
					"@executable_path/Frameworks",
				);
				MARKETING_VERSION = 1.0;
				PRODUCT_BUNDLE_IDENTIFIER = Udacity.PitchPerfectR;
				PRODUCT_NAME = "$(TARGET_NAME)";
				SWIFT_EMIT_LOC_STRINGS = YES;
				SWIFT_VERSION = 5.0;
				TARGETED_DEVICE_FAMILY = "1,2";
			};
			name = Debug;
		};
		4F2EF1792984415B0089067A /* Release */ = {
			isa = XCBuildConfiguration;
			buildSettings = {
				ASSETCATALOG_COMPILER_APPICON_NAME = AppIcon;
				ASSETCATALOG_COMPILER_GLOBAL_ACCENT_COLOR_NAME = AccentColor;
				CODE_SIGN_STYLE = Automatic;
				CURRENT_PROJECT_VERSION = 1;
				GENERATE_INFOPLIST_FILE = YES;
				INFOPLIST_FILE = PitchPerfectR/Info.plist;
				INFOPLIST_KEY_UIApplicationSupportsIndirectInputEvents = YES;
				INFOPLIST_KEY_UILaunchStoryboardName = LaunchScreen;
				INFOPLIST_KEY_UIMainStoryboardFile = Main;
				INFOPLIST_KEY_UISupportedInterfaceOrientations_iPad = "UIInterfaceOrientationPortrait UIInterfaceOrientationPortraitUpsideDown UIInterfaceOrientationLandscapeLeft UIInterfaceOrientationLandscapeRight";
				INFOPLIST_KEY_UISupportedInterfaceOrientations_iPhone = "UIInterfaceOrientationPortrait UIInterfaceOrientationLandscapeLeft UIInterfaceOrientationLandscapeRight";
				LD_RUNPATH_SEARCH_PATHS = (
					"$(inherited)",
					"@executable_path/Frameworks",
				);
				MARKETING_VERSION = 1.0;
				PRODUCT_BUNDLE_IDENTIFIER = Udacity.PitchPerfectR;
				PRODUCT_NAME = "$(TARGET_NAME)";
				SWIFT_EMIT_LOC_STRINGS = YES;
				SWIFT_VERSION = 5.0;
				TARGETED_DEVICE_FAMILY = "1,2";
			};
			name = Release;
		};
		4F2EF17B2984415B0089067A /* Debug */ = {
			isa = XCBuildConfiguration;
			buildSettings = {
				ALWAYS_EMBED_SWIFT_STANDARD_LIBRARIES = YES;
				BUNDLE_LOADER = "$(TEST_HOST)";
				CODE_SIGN_STYLE = Automatic;
				CURRENT_PROJECT_VERSION = 1;
				GENERATE_INFOPLIST_FILE = YES;
				IPHONEOS_DEPLOYMENT_TARGET = 16.2;
				MARKETING_VERSION = 1.0;
				PRODUCT_BUNDLE_IDENTIFIER = Udacity.PitchPerfectRTests;
				PRODUCT_NAME = "$(TARGET_NAME)";
				SWIFT_EMIT_LOC_STRINGS = NO;
				SWIFT_VERSION = 5.0;
				TARGETED_DEVICE_FAMILY = "1,2";
				TEST_HOST = "$(BUILT_PRODUCTS_DIR)/PitchPerfectR.app/$(BUNDLE_EXECUTABLE_FOLDER_PATH)/PitchPerfectR";
			};
			name = Debug;
		};
		4F2EF17C2984415B0089067A /* Release */ = {
			isa = XCBuildConfiguration;
			buildSettings = {
				ALWAYS_EMBED_SWIFT_STANDARD_LIBRARIES = YES;
				BUNDLE_LOADER = "$(TEST_HOST)";
				CODE_SIGN_STYLE = Automatic;
				CURRENT_PROJECT_VERSION = 1;
				GENERATE_INFOPLIST_FILE = YES;
				IPHONEOS_DEPLOYMENT_TARGET = 16.2;
				MARKETING_VERSION = 1.0;
				PRODUCT_BUNDLE_IDENTIFIER = Udacity.PitchPerfectRTests;
				PRODUCT_NAME = "$(TARGET_NAME)";
				SWIFT_EMIT_LOC_STRINGS = NO;
				SWIFT_VERSION = 5.0;
				TARGETED_DEVICE_FAMILY = "1,2";
				TEST_HOST = "$(BUILT_PRODUCTS_DIR)/PitchPerfectR.app/$(BUNDLE_EXECUTABLE_FOLDER_PATH)/PitchPerfectR";
			};
			name = Release;
		};
		4F2EF17E2984415B0089067A /* Debug */ = {
			isa = XCBuildConfiguration;
			buildSettings = {
				ALWAYS_EMBED_SWIFT_STANDARD_LIBRARIES = YES;
				CODE_SIGN_STYLE = Automatic;
				CURRENT_PROJECT_VERSION = 1;
				GENERATE_INFOPLIST_FILE = YES;
				MARKETING_VERSION = 1.0;
				PRODUCT_BUNDLE_IDENTIFIER = Udacity.PitchPerfectRUITests;
				PRODUCT_NAME = "$(TARGET_NAME)";
				SWIFT_EMIT_LOC_STRINGS = NO;
				SWIFT_VERSION = 5.0;
				TARGETED_DEVICE_FAMILY = "1,2";
				TEST_TARGET_NAME = PitchPerfectR;
			};
			name = Debug;
		};
		4F2EF17F2984415B0089067A /* Release */ = {
			isa = XCBuildConfiguration;
			buildSettings = {
				ALWAYS_EMBED_SWIFT_STANDARD_LIBRARIES = YES;
				CODE_SIGN_STYLE = Automatic;
				CURRENT_PROJECT_VERSION = 1;
				GENERATE_INFOPLIST_FILE = YES;
				MARKETING_VERSION = 1.0;
				PRODUCT_BUNDLE_IDENTIFIER = Udacity.PitchPerfectRUITests;
				PRODUCT_NAME = "$(TARGET_NAME)";
				SWIFT_EMIT_LOC_STRINGS = NO;
				SWIFT_VERSION = 5.0;
				TARGETED_DEVICE_FAMILY = "1,2";
				TEST_TARGET_NAME = PitchPerfectR;
			};
			name = Release;
		};
/* End XCBuildConfiguration section */

/* Begin XCConfigurationList section */
		4F2EF148298441570089067A /* Build configuration list for PBXProject "PitchPerfectR" */ = {
			isa = XCConfigurationList;
			buildConfigurations = (
				4F2EF1752984415B0089067A /* Debug */,
				4F2EF1762984415B0089067A /* Release */,
			);
			defaultConfigurationIsVisible = 0;
			defaultConfigurationName = Release;
		};
		4F2EF1772984415B0089067A /* Build configuration list for PBXNativeTarget "PitchPerfectR" */ = {
			isa = XCConfigurationList;
			buildConfigurations = (
				4F2EF1782984415B0089067A /* Debug */,
				4F2EF1792984415B0089067A /* Release */,
			);
			defaultConfigurationIsVisible = 0;
			defaultConfigurationName = Release;
		};
		4F2EF17A2984415B0089067A /* Build configuration list for PBXNativeTarget "PitchPerfectRTests" */ = {
			isa = XCConfigurationList;
			buildConfigurations = (
				4F2EF17B2984415B0089067A /* Debug */,
				4F2EF17C2984415B0089067A /* Release */,
			);
			defaultConfigurationIsVisible = 0;
			defaultConfigurationName = Release;
		};
		4F2EF17D2984415B0089067A /* Build configuration list for PBXNativeTarget "PitchPerfectRUITests" */ = {
			isa = XCConfigurationList;
			buildConfigurations = (
				4F2EF17E2984415B0089067A /* Debug */,
				4F2EF17F2984415B0089067A /* Release */,
			);
			defaultConfigurationIsVisible = 0;
			defaultConfigurationName = Release;
		};
/* End XCConfigurationList section */
	};
	rootObject = 4F2EF145298441570089067A /* Project object */;
}
